
Microsoft Visual Studio Solution File, Format Version 12.00
Project("{FAE04EC0-301F-11D3-BF4B-00C04F79EFBC}") = "task", "task\task.csproj", "{DE782CDA-EE3E-4FDF-BD08-8E2B0A3E45E7}"
EndProject
Global
	GlobalSection(SolutionConfigurationPlatforms) = preSolution
		Debug|Any CPU = Debug|Any CPU
		Release|Any CPU = Release|Any CPU
	EndGlobalSection
	GlobalSection(ProjectConfigurationPlatforms) = postSolution
		{DE782CDA-EE3E-4FDF-BD08-8E2B0A3E45E7}.Debug|Any CPU.ActiveCfg = Debug|Any CPU
		{DE782CDA-EE3E-4FDF-BD08-8E2B0A3E45E7}.Debug|Any CPU.Build.0 = Debug|Any CPU
		{DE782CDA-EE3E-4FDF-BD08-8E2B0A3E45E7}.Release|Any CPU.ActiveCfg = Release|Any CPU
		{DE782CDA-EE3E-4FDF-BD08-8E2B0A3E45E7}.Release|Any CPU.Build.0 = Release|Any CPU
	EndGlobalSection
EndGlobal
